
Microsoft Visual Studio Solution File, Format Version 12.00
# Visual Studio Version 16
VisualStudioVersion = 16.0.31702.278
MinimumVisualStudioVersion = 10.0.40219.1
Project("{FAE04EC0-301F-11D3-BF4B-00C04F79EFBC}") = "CodingIterviewQuestions", "CodingIterviewQuestions\CodingIterviewQuestions.csproj", "{236AF833-D108-4CE3-AB30-774B4188C3BE}"
EndProject
Project("{FAE04EC0-301F-11D3-BF4B-00C04F79EFBC}") = "Tests", "Tests\Tests.csproj", "{6CC00133-6CA8-4C71-A06A-B2402AD9D42F}"
EndProject
Global
	GlobalSection(SolutionConfigurationPlatforms) = preSolution
		Debug|Any CPU = Debug|Any CPU
		Release|Any CPU = Release|Any CPU
	EndGlobalSection
	GlobalSection(ProjectConfigurationPlatforms) = postSolution
		{236AF833-D108-4CE3-AB30-774B4188C3BE}.Debug|Any CPU.ActiveCfg = Debug|Any CPU
		{236AF833-D108-4CE3-AB30-774B4188C3BE}.Debug|Any CPU.Build.0 = Debug|Any CPU
		{236AF833-D108-4CE3-AB30-774B4188C3BE}.Release|Any CPU.ActiveCfg = Release|Any CPU
		{236AF833-D108-4CE3-AB30-774B4188C3BE}.Release|Any CPU.Build.0 = Release|Any CPU
		{6CC00133-6CA8-4C71-A06A-B2402AD9D42F}.Debug|Any CPU.ActiveCfg = Debug|Any CPU
		{6CC00133-6CA8-4C71-A06A-B2402AD9D42F}.Debug|Any CPU.Build.0 = Debug|Any CPU
		{6CC00133-6CA8-4C71-A06A-B2402AD9D42F}.Release|Any CPU.ActiveCfg = Release|Any CPU
		{6CC00133-6CA8-4C71-A06A-B2402AD9D42F}.Release|Any CPU.Build.0 = Release|Any CPU
	EndGlobalSection
	GlobalSection(SolutionProperties) = preSolution
		HideSolutionNode = FALSE
	EndGlobalSection
	GlobalSection(ExtensibilityGlobals) = postSolution
		SolutionGuid = {92F61358-C77F-4403-8293-3DE98D52C35F}
	EndGlobalSection
EndGlobal
